<Solution>
  <Project Path="TakOne.Analyzers/TakOne.Analyzers.csproj" Id="59a879f3-6656-47c0-ab18-1518a81838ad" />
  <Project Path="TakOne.Application/TakOne.Application.csproj" />
  <Project Path="TakOne.Domain/TakOne.Domain.csproj" />
  <Project Path="TakOne.Infrastructure/TakOne.Infrastructure.csproj" />
  <Project Path="TakOne.SharedKernel/TakOne.SharedKernel.csproj" />
  <Project Path="TakOne.WebUI/TakOne.WebUI.csproj" />
</Solution>
