<Solution>
  <Project Path="TakOne.Analyzers/TakOne.Analyzers.csproj" Id="59a879f3-6656-47c0-ab18-1518a81838ad" />
  <Project Path="TakOne.Application/TakOne.Application.csproj" />
  <Project Path="TakOne.Domain/TakOne.Domain.csproj" />
  <Project Path="TakOne.Infrastructure/TakOne.Infrastructure.csproj" />
  <Project Path="TakOne.SharedKernel/TakOne.SharedKernel.csproj" />
  <Project Path="TakOne.WebUI/TakOne.WebUI.csproj" />
  <Project Path="tests/TakOne.Testing/TakOne.Testing.csproj" />
  <Project Path="tests/TakOne.SharedKernel.Tests/TakOne.SharedKernel.Tests.csproj" />
  <Project Path="tests/TakOne.Domain.Tests/TakOne.Domain.Tests.csproj" />
  <Project Path="tests/TakOne.Application.Tests/TakOne.Application.Tests.csproj" />
  <Project Path="tests/TakOne.Infrastructure.Tests/TakOne.Infrastructure.Tests.csproj" />
  <Project Path="tests/TakOne.WebUI.Tests/TakOne.WebUI.Tests.csproj" />
  <Project Path="tests/TakOne.IntegrationTests/TakOne.IntegrationTests.csproj" />
  <Project Path="tests/TakOne.WebUI.ComponentTests/TakOne.WebUI.ComponentTests.csproj" />
</Solution>

